
Microsoft Visual Studio Solution File, Format Version 12.00
# Visual Studio 15
VisualStudioVersion = 15.0.26430.16
MinimumVisualStudioVersion = 10.0.40219.1
Project("{FAE04EC0-301F-11D3-BF4B-00C04F79EFBC}") = "RedInksTests", "RedInksTests\RedInksTests.csproj", "{9B11EA7F-4753-4DD8-89A6-50A49025905E}"
EndProject
Project("{FAE04EC0-301F-11D3-BF4B-00C04F79EFBC}") = "BlueInks", "BlueInks\BlueInks.csproj", "{BA2710C0-39F1-46A5-BA5D-49069DEB0929}"
EndProject
Project("{FAE04EC0-301F-11D3-BF4B-00C04F79EFBC}") = "BlueInksTest", "BlueInksTest\BlueInksTest.csproj", "{61C339D1-B9D2-4FEE-B544-C47C662DF8E8}"
EndProject
Project("{FAE04EC0-301F-11D3-BF4B-00C04F79EFBC}") = "GreyInks", "GreyInks\GreyInks.csproj", "{C9C987FA-5412-410D-ADD9-EFD41982F35E}"
EndProject
Global
	GlobalSection(SolutionConfigurationPlatforms) = preSolution
		Debug|Any CPU = Debug|Any CPU
		Debug|x86 = Debug|x86
		Release|Any CPU = Release|Any CPU
		Release|x86 = Release|x86
	EndGlobalSection
	GlobalSection(ProjectConfigurationPlatforms) = postSolution
		{9B11EA7F-4753-4DD8-89A6-50A49025905E}.Debug|Any CPU.ActiveCfg = Debug|Any CPU
		{9B11EA7F-4753-4DD8-89A6-50A49025905E}.Debug|Any CPU.Build.0 = Debug|Any CPU
		{9B11EA7F-4753-4DD8-89A6-50A49025905E}.Debug|x86.ActiveCfg = Debug|Any CPU
		{9B11EA7F-4753-4DD8-89A6-50A49025905E}.Debug|x86.Build.0 = Debug|Any CPU
		{9B11EA7F-4753-4DD8-89A6-50A49025905E}.Release|Any CPU.ActiveCfg = Release|Any CPU
		{9B11EA7F-4753-4DD8-89A6-50A49025905E}.Release|Any CPU.Build.0 = Release|Any CPU
		{9B11EA7F-4753-4DD8-89A6-50A49025905E}.Release|x86.ActiveCfg = Release|Any CPU
		{9B11EA7F-4753-4DD8-89A6-50A49025905E}.Release|x86.Build.0 = Release|Any CPU
		{BA2710C0-39F1-46A5-BA5D-49069DEB0929}.Debug|Any CPU.ActiveCfg = Debug|Any CPU
		{BA2710C0-39F1-46A5-BA5D-49069DEB0929}.Debug|Any CPU.Build.0 = Debug|Any CPU
		{BA2710C0-39F1-46A5-BA5D-49069DEB0929}.Debug|x86.ActiveCfg = Debug|Any CPU
		{BA2710C0-39F1-46A5-BA5D-49069DEB0929}.Debug|x86.Build.0 = Debug|Any CPU
		{BA2710C0-39F1-46A5-BA5D-49069DEB0929}.Release|Any CPU.ActiveCfg = Release|Any CPU
		{BA2710C0-39F1-46A5-BA5D-49069DEB0929}.Release|Any CPU.Build.0 = Release|Any CPU
		{BA2710C0-39F1-46A5-BA5D-49069DEB0929}.Release|x86.ActiveCfg = Release|Any CPU
		{BA2710C0-39F1-46A5-BA5D-49069DEB0929}.Release|x86.Build.0 = Release|Any CPU
		{61C339D1-B9D2-4FEE-B544-C47C662DF8E8}.Debug|Any CPU.ActiveCfg = Debug|Any CPU
		{61C339D1-B9D2-4FEE-B544-C47C662DF8E8}.Debug|Any CPU.Build.0 = Debug|Any CPU
		{61C339D1-B9D2-4FEE-B544-C47C662DF8E8}.Debug|x86.ActiveCfg = Debug|Any CPU
		{61C339D1-B9D2-4FEE-B544-C47C662DF8E8}.Debug|x86.Build.0 = Debug|Any CPU
		{61C339D1-B9D2-4FEE-B544-C47C662DF8E8}.Release|Any CPU.ActiveCfg = Release|Any CPU
		{61C339D1-B9D2-4FEE-B544-C47C662DF8E8}.Release|Any CPU.Build.0 = Release|Any CPU
		{61C339D1-B9D2-4FEE-B544-C47C662DF8E8}.Release|x86.ActiveCfg = Release|Any CPU
		{61C339D1-B9D2-4FEE-B544-C47C662DF8E8}.Release|x86.Build.0 = Release|Any CPU
		{C9C987FA-5412-410D-ADD9-EFD41982F35E}.Debug|Any CPU.ActiveCfg = Debug|Any CPU
		{C9C987FA-5412-410D-ADD9-EFD41982F35E}.Debug|Any CPU.Build.0 = Debug|Any CPU
		{C9C987FA-5412-410D-ADD9-EFD41982F35E}.Debug|x86.ActiveCfg = Debug|Any CPU
		{C9C987FA-5412-410D-ADD9-EFD41982F35E}.Debug|x86.Build.0 = Debug|Any CPU
		{C9C987FA-5412-410D-ADD9-EFD41982F35E}.Release|Any CPU.ActiveCfg = Release|Any CPU
		{C9C987FA-5412-410D-ADD9-EFD41982F35E}.Release|Any CPU.Build.0 = Release|Any CPU
		{C9C987FA-5412-410D-ADD9-EFD41982F35E}.Release|x86.ActiveCfg = Release|Any CPU
		{C9C987FA-5412-410D-ADD9-EFD41982F35E}.Release|x86.Build.0 = Release|Any CPU
	EndGlobalSection
	GlobalSection(SolutionProperties) = preSolution
		HideSolutionNode = FALSE
	EndGlobalSection
EndGlobal
